
Microsoft Visual Studio Solution File, Format Version 12.00
# Visual Studio Version 17
VisualStudioVersion = 17.4.33213.308
MinimumVisualStudioVersion = 10.0.40219.1
Project("{FAE04EC0-301F-11D3-BF4B-00C04F79EFBC}") = "Connect_PLC_Web_KhoXoay", "Connect_PLC_Web_KhoXoay.csproj", "{A5877574-72F7-4EE3-A955-1A8A88540DEB}"
EndProject
Global
	GlobalSection(SolutionConfigurationPlatforms) = preSolution
		Debug|Any CPU = Debug|Any CPU
		Release|Any CPU = Release|Any CPU
	EndGlobalSection
	GlobalSection(ProjectConfigurationPlatforms) = postSolution
		{A5877574-72F7-4EE3-A955-1A8A88540DEB}.Debug|Any CPU.ActiveCfg = Debug|Any CPU
		{A5877574-72F7-4EE3-A955-1A8A88540DEB}.Debug|Any CPU.Build.0 = Debug|Any CPU
		{A5877574-72F7-4EE3-A955-1A8A88540DEB}.Release|Any CPU.ActiveCfg = Release|Any CPU
		{A5877574-72F7-4EE3-A955-1A8A88540DEB}.Release|Any CPU.Build.0 = Release|Any CPU
	EndGlobalSection
	GlobalSection(SolutionProperties) = preSolution
		HideSolutionNode = FALSE
	EndGlobalSection
	GlobalSection(ExtensibilityGlobals) = postSolution
		SolutionGuid = {BEF1A0C4-1A79-4833-879C-DEBAB9E90FAD}
	EndGlobalSection
EndGlobal
